
Microsoft Visual Studio Solution File, Format Version 12.00
# Visual Studio Version 17
VisualStudioVersion = 17.7.34024.191
MinimumVisualStudioVersion = 10.0.40219.1
Project("{FAE04EC0-301F-11D3-BF4B-00C04F79EFBC}") = "HW 5", "HW 5\HW 5.csproj", "{F8400728-CC66-4076-898B-086D551C3489}"
EndProject
Project("{FAE04EC0-301F-11D3-BF4B-00C04F79EFBC}") = "тумаков6", "тумаков6\тумаков6.csproj", "{08C216D9-F14C-4123-BDF5-0CCDF5FF7D47}"
EndProject
Global
	GlobalSection(SolutionConfigurationPlatforms) = preSolution
		Debug|Any CPU = Debug|Any CPU
		Release|Any CPU = Release|Any CPU
	EndGlobalSection
	GlobalSection(ProjectConfigurationPlatforms) = postSolution
		{F8400728-CC66-4076-898B-086D551C3489}.Debug|Any CPU.ActiveCfg = Debug|Any CPU
		{F8400728-CC66-4076-898B-086D551C3489}.Debug|Any CPU.Build.0 = Debug|Any CPU
		{F8400728-CC66-4076-898B-086D551C3489}.Release|Any CPU.ActiveCfg = Release|Any CPU
		{F8400728-CC66-4076-898B-086D551C3489}.Release|Any CPU.Build.0 = Release|Any CPU
		{08C216D9-F14C-4123-BDF5-0CCDF5FF7D47}.Debug|Any CPU.ActiveCfg = Debug|Any CPU
		{08C216D9-F14C-4123-BDF5-0CCDF5FF7D47}.Debug|Any CPU.Build.0 = Debug|Any CPU
		{08C216D9-F14C-4123-BDF5-0CCDF5FF7D47}.Release|Any CPU.ActiveCfg = Release|Any CPU
		{08C216D9-F14C-4123-BDF5-0CCDF5FF7D47}.Release|Any CPU.Build.0 = Release|Any CPU
	EndGlobalSection
	GlobalSection(SolutionProperties) = preSolution
		HideSolutionNode = FALSE
	EndGlobalSection
	GlobalSection(ExtensibilityGlobals) = postSolution
		SolutionGuid = {52F63848-9C8D-4CC3-A398-7C4D36AAAE50}
	EndGlobalSection
EndGlobal
